{
    "_readme": [
        "This file locks the dependencies of your project to a known state",
        "Read more about it at http://getcomposer.org/doc/01-basic-usage.md#composer-lock-the-lock-file"
    ],
    "hash": "fae806cd50bcfdfa617ba8d278bee336",
    "packages": [
        {
            "name": "illuminate/cache",
            "version": "dev-master",
            "target-dir": "Illuminate/Cache",
            "source": {
                "type": "git",
                "url": "https://github.com/illuminate/cache.git",
                "reference": "2059a5ec41ca1d074f3ac4346d25d8f9a48e9301"
            },
            "dist": {
                "type": "zip",
                "url": "https://api.github.com/repos/illuminate/cache/zipball/2059a5ec41ca1d074f3ac4346d25d8f9a48e9301",
                "reference": "2059a5ec41ca1d074f3ac4346d25d8f9a48e9301",
                "shasum": ""
            },
            "require": {
                "illuminate/support": "4.1.x",
                "php": ">=5.3.0"
            },
            "require-dev": {
                "illuminate/database": "4.1.x",
                "illuminate/encryption": "4.1.x",
                "illuminate/filesystem": "4.1.x",
                "illuminate/redis": "4.1.x",
                "phpunit/phpunit": "3.7.*"
            },
            "type": "library",
            "extra": {
                "branch-alias": {
                    "dev-master": "4.1-dev"
                }
            },
            "autoload": {
                "psr-0": {
                    "Illuminate\\Cache": ""
                }
            },
            "notification-url": "https://packagist.org/downloads/",
            "license": [
                "MIT"
            ],
            "authors": [
                {
                    "name": "Taylor Otwell",
                    "email": "taylorotwell@gmail.com",
                    "homepage": "https://github.com/taylorotwell",
                    "role": "Developer"
                }
            ],
            "time": "2013-08-10 17:47:18"
        },
        {
            "name": "illuminate/config",
            "version": "dev-master",
            "target-dir": "Illuminate/Config",
            "source": {
                "type": "git",
                "url": "https://github.com/illuminate/config.git",
                "reference": "70e05b02ed6f1ff0df447a0da0a2421cf95f6fce"
            },
            "dist": {
                "type": "zip",
                "url": "https://api.github.com/repos/illuminate/config/zipball/70e05b02ed6f1ff0df447a0da0a2421cf95f6fce",
                "reference": "70e05b02ed6f1ff0df447a0da0a2421cf95f6fce",
                "shasum": ""
            },
            "require": {
                "illuminate/filesystem": "4.1.x",
                "illuminate/support": "4.1.x",
                "php": ">=5.3.0"
            },
            "require-dev": {
                "phpunit/phpunit": "3.7.*"
            },
            "type": "library",
            "extra": {
                "branch-alias": {
                    "dev-master": "4.1-dev"
                }
            },
            "autoload": {
                "psr-0": {
                    "Illuminate\\Config": ""
                }
            },
            "notification-url": "https://packagist.org/downloads/",
            "license": [
                "MIT"
            ],
            "authors": [
                {
                    "name": "Taylor Otwell",
                    "email": "taylorotwell@gmail.com",
                    "homepage": "https://github.com/taylorotwell",
                    "role": "Developer"
                }
            ],
            "time": "2013-08-10 17:47:18"
        },
        {
            "name": "illuminate/container",
            "version": "dev-master",
            "target-dir": "Illuminate/Container",
            "source": {
                "type": "git",
                "url": "https://github.com/illuminate/container.git",
                "reference": "b9ecfb12b5d45f06e6eb0c9db82fcde6cb5c705e"
            },
            "dist": {
                "type": "zip",
                "url": "https://api.github.com/repos/illuminate/container/zipball/b9ecfb12b5d45f06e6eb0c9db82fcde6cb5c705e",
                "reference": "b9ecfb12b5d45f06e6eb0c9db82fcde6cb5c705e",
                "shasum": ""
            },
            "require": {
                "php": ">=5.3.0"
            },
            "require-dev": {
                "phpunit/phpunit": "3.7.*"
            },
            "type": "library",
            "extra": {
                "branch-alias": {
                    "dev-master": "4.1-dev"
                }
            },
            "autoload": {
                "psr-0": {
                    "Illuminate\\Container": ""
                }
            },
            "notification-url": "https://packagist.org/downloads/",
            "license": [
                "MIT"
            ],
            "authors": [
                {
                    "name": "Taylor Otwell",
                    "email": "taylorotwell@gmail.com",
                    "homepage": "https://github.com/taylorotwell",
                    "role": "Developer"
                }
            ],
            "time": "2013-07-31 15:34:38"
        },
        {
            "name": "illuminate/cookie",
            "version": "dev-master",
            "target-dir": "Illuminate/Cookie",
            "source": {
                "type": "git",
                "url": "https://github.com/illuminate/cookie.git",
                "reference": "d3b6f35572444b20e3d2d02006a84e70a6687be3"
            },
            "dist": {
                "type": "zip",
                "url": "https://api.github.com/repos/illuminate/cookie/zipball/d3b6f35572444b20e3d2d02006a84e70a6687be3",
                "reference": "d3b6f35572444b20e3d2d02006a84e70a6687be3",
                "shasum": ""
            },
            "require": {
                "illuminate/encryption": "4.1.x",
                "illuminate/support": "4.1.x",
                "php": ">=5.3.0",
                "symfony/http-foundation": "2.3.*"
            },
            "require-dev": {
                "mockery/mockery": "0.7.2",
                "phpunit/phpunit": "3.7.*"
            },
            "type": "library",
            "extra": {
                "branch-alias": {
                    "dev-master": "4.1-dev"
                }
            },
            "autoload": {
                "psr-0": {
                    "Illuminate\\Cookie": ""
                }
            },
            "notification-url": "https://packagist.org/downloads/",
            "license": [
                "MIT"
            ],
            "authors": [
                {
                    "name": "Taylor Otwell",
                    "email": "taylorotwell@gmail.com",
                    "homepage": "https://github.com/taylorotwell",
                    "role": "Developer"
                }
            ],
            "time": "2013-07-23 06:29:59"
        },
        {
            "name": "illuminate/encryption",
            "version": "dev-master",
            "target-dir": "Illuminate/Encryption",
            "source": {
                "type": "git",
                "url": "https://github.com/illuminate/encryption.git",
                "reference": "e35cdd03b539c0a3d413e903a54ed530ad05da70"
            },
            "dist": {
                "type": "zip",
                "url": "https://api.github.com/repos/illuminate/encryption/zipball/e35cdd03b539c0a3d413e903a54ed530ad05da70",
                "reference": "e35cdd03b539c0a3d413e903a54ed530ad05da70",
                "shasum": ""
            },
            "require": {
                "illuminate/support": "4.1.x",
                "php": ">=5.3.0"
            },
            "require-dev": {
                "phpunit/phpunit": "3.7.*"
            },
            "type": "library",
            "extra": {
                "branch-alias": {
                    "dev-master": "4.1-dev"
                }
            },
            "autoload": {
                "psr-0": {
                    "Illuminate\\Encryption": ""
                }
            },
            "notification-url": "https://packagist.org/downloads/",
            "license": [
                "MIT"
            ],
            "authors": [
                {
                    "name": "Taylor Otwell",
                    "email": "taylorotwell@gmail.com",
                    "homepage": "https://github.com/taylorotwell",
                    "role": "Developer"
                }
            ],
            "time": "2013-06-02 19:23:05"
        },
        {
            "name": "illuminate/filesystem",
            "version": "dev-master",
            "target-dir": "Illuminate/Filesystem",
            "source": {
                "type": "git",
                "url": "https://github.com/illuminate/filesystem.git",
                "reference": "fe9915c329ef869efccbc88334cf3ff89f2ecb03"
            },
            "dist": {
                "type": "zip",
                "url": "https://api.github.com/repos/illuminate/filesystem/zipball/fe9915c329ef869efccbc88334cf3ff89f2ecb03",
                "reference": "fe9915c329ef869efccbc88334cf3ff89f2ecb03",
                "shasum": ""
            },
            "require": {
                "illuminate/support": "4.1.x",
                "php": ">=5.3.0",
                "symfony/finder": "2.3.x"
            },
            "require-dev": {
                "phpunit/phpunit": "3.7.*"
            },
            "type": "library",
            "extra": {
                "branch-alias": {
                    "dev-master": "4.1-dev"
                }
            },
            "autoload": {
                "psr-0": {
                    "Illuminate\\Filesystem": ""
                }
            },
            "notification-url": "https://packagist.org/downloads/",
            "license": [
                "MIT"
            ],
            "authors": [
                {
                    "name": "Taylor Otwell",
                    "email": "taylorotwell@gmail.com",
                    "homepage": "https://github.com/taylorotwell",
                    "role": "Developer"
                }
            ],
            "time": "2013-07-02 17:46:50"
        },
        {
            "name": "illuminate/http",
            "version": "dev-master",
            "target-dir": "Illuminate/Http",
            "source": {
                "type": "git",
                "url": "https://github.com/illuminate/http.git",
                "reference": "9d2eed0e9d6af09317d3de68a1922e9ee5ee2ca7"
            },
            "dist": {
                "type": "zip",
                "url": "https://api.github.com/repos/illuminate/http/zipball/9d2eed0e9d6af09317d3de68a1922e9ee5ee2ca7",
                "reference": "9d2eed0e9d6af09317d3de68a1922e9ee5ee2ca7",
                "shasum": ""
            },
            "require": {
                "illuminate/session": "4.1.x",
                "illuminate/support": "4.1.x",
                "symfony/http-foundation": "2.3.*"
            },
            "require-dev": {
                "mockery/mockery": "0.7.2",
                "phpunit/phpunit": "3.7.*"
            },
            "type": "library",
            "extra": {
                "branch-alias": {
                    "dev-master": "4.1-dev"
                }
            },
            "autoload": {
                "psr-0": {
                    "Illuminate\\Http": ""
                }
            },
            "notification-url": "https://packagist.org/downloads/",
            "license": [
                "MIT"
            ],
            "authors": [
                {
                    "name": "Taylor Otwell",
                    "email": "taylorotwell@gmail.com",
                    "homepage": "https://github.com/taylorotwell",
                    "role": "Developer"
                }
            ],
            "time": "2013-08-05 13:28:56"
        },
        {
            "name": "illuminate/session",
            "version": "dev-master",
            "target-dir": "Illuminate/Session",
            "source": {
                "type": "git",
                "url": "https://github.com/illuminate/session.git",
                "reference": "b9746023b51add02c86aba3eab6b6f330db8f863"
            },
            "dist": {
                "type": "zip",
                "url": "https://api.github.com/repos/illuminate/session/zipball/b9746023b51add02c86aba3eab6b6f330db8f863",
                "reference": "b9746023b51add02c86aba3eab6b6f330db8f863",
                "shasum": ""
            },
            "require": {
                "illuminate/cache": "4.1.x",
                "illuminate/cookie": "4.1.x",
                "illuminate/encryption": "4.1.x",
                "illuminate/support": "4.1.x",
                "php": ">=5.3.0",
                "symfony/http-foundation": "2.3.*"
            },
            "require-dev": {
                "illuminate/console": "4.1.x",
                "mockery/mockery": ">=0.7.2",
                "phpunit/phpunit": "3.7.*"
            },
            "type": "library",
            "extra": {
                "branch-alias": {
                    "dev-master": "4.1-dev"
                }
            },
            "autoload": {
                "psr-0": {
                    "Illuminate\\Session": ""
                }
            },
            "notification-url": "https://packagist.org/downloads/",
            "license": [
                "MIT"
            ],
            "authors": [
                {
                    "name": "Taylor Otwell",
                    "email": "taylorotwell@gmail.com",
                    "homepage": "https://github.com/taylorotwell",
                    "role": "Developer"
                }
            ],
            "time": "2013-07-19 10:47:48"
        },
        {
            "name": "illuminate/support",
            "version": "dev-master",
            "target-dir": "Illuminate/Support",
            "source": {
                "type": "git",
                "url": "https://github.com/illuminate/support.git",
                "reference": "9507e57aa5b237993e2bdb82d8534fc89d5dac6c"
            },
            "dist": {
                "type": "zip",
                "url": "https://api.github.com/repos/illuminate/support/zipball/9507e57aa5b237993e2bdb82d8534fc89d5dac6c",
                "reference": "9507e57aa5b237993e2bdb82d8534fc89d5dac6c",
                "shasum": ""
            },
            "require": {
                "php": ">=5.3.0"
            },
            "require-dev": {
                "mockery/mockery": "0.7.2",
                "patchwork/utf8": "1.1.*",
                "phpunit/phpunit": "3.7.*"
            },
            "type": "library",
            "extra": {
                "branch-alias": {
                    "dev-master": "4.1-dev"
                }
            },
            "autoload": {
                "psr-0": {
                    "Illuminate\\Support": ""
                },
                "files": [
                    "Illuminate/Support/helpers.php"
                ]
            },
            "notification-url": "https://packagist.org/downloads/",
            "license": [
                "MIT"
            ],
            "authors": [
                {
                    "name": "Taylor Otwell",
                    "email": "taylorotwell@gmail.com",
                    "homepage": "https://github.com/taylorotwell",
                    "role": "Developer"
                }
            ],
            "time": "2013-08-05 13:28:56"
        },
        {
            "name": "symfony/finder",
            "version": "2.3.x-dev",
            "target-dir": "Symfony/Component/Finder",
            "source": {
                "type": "git",
                "url": "https://github.com/symfony/Finder.git",
                "reference": "4a0fee5b86f5bbd9dfdc11ec124eba2915737ce1"
            },
            "dist": {
                "type": "zip",
                "url": "https://api.github.com/repos/symfony/Finder/zipball/4a0fee5b86f5bbd9dfdc11ec124eba2915737ce1",
                "reference": "4a0fee5b86f5bbd9dfdc11ec124eba2915737ce1",
                "shasum": ""
            },
            "require": {
                "php": ">=5.3.3"
            },
            "type": "library",
            "extra": {
                "branch-alias": {
                    "dev-master": "2.3-dev"
                }
            },
            "autoload": {
                "psr-0": {
                    "Symfony\\Component\\Finder\\": ""
                }
            },
            "notification-url": "https://packagist.org/downloads/",
            "license": [
                "MIT"
            ],
            "authors": [
                {
                    "name": "Fabien Potencier",
                    "email": "fabien@symfony.com"
                },
                {
                    "name": "Symfony Community",
                    "homepage": "http://symfony.com/contributors"
                }
            ],
            "description": "Symfony Finder Component",
            "homepage": "http://symfony.com",
            "time": "2013-08-13 20:18:00"
        },
        {
            "name": "symfony/http-foundation",
            "version": "2.3.x-dev",
            "target-dir": "Symfony/Component/HttpFoundation",
            "source": {
                "type": "git",
                "url": "https://github.com/symfony/HttpFoundation.git",
                "reference": "ad778df4e7af3cfb9151eeeeb8b9823d47a2d72f"
            },
            "dist": {
                "type": "zip",
                "url": "https://api.github.com/repos/symfony/HttpFoundation/zipball/ad778df4e7af3cfb9151eeeeb8b9823d47a2d72f",
                "reference": "ad778df4e7af3cfb9151eeeeb8b9823d47a2d72f",
                "shasum": ""
            },
            "require": {
                "php": ">=5.3.3"
            },
            "type": "library",
            "extra": {
                "branch-alias": {
                    "dev-master": "2.3-dev"
                }
            },
            "autoload": {
                "psr-0": {
                    "Symfony\\Component\\HttpFoundation\\": ""
                },
                "classmap": [
                    "Symfony/Component/HttpFoundation/Resources/stubs"
                ]
            },
            "notification-url": "https://packagist.org/downloads/",
            "license": [
                "MIT"
            ],
            "authors": [
                {
                    "name": "Fabien Potencier",
                    "email": "fabien@symfony.com"
                },
                {
                    "name": "Symfony Community",
                    "homepage": "http://symfony.com/contributors"
                }
            ],
            "description": "Symfony HttpFoundation Component",
            "homepage": "http://symfony.com",
            "time": "2013-08-17 16:34:49"
        }
    ],
    "packages-dev": [
        {
            "name": "mockery/mockery",
            "version": "dev-master",
            "source": {
                "type": "git",
                "url": "https://github.com/padraic/mockery.git",
                "reference": "9d2460275665f4506d359f4e2037705d07833173"
            },
            "dist": {
                "type": "zip",
                "url": "https://api.github.com/repos/padraic/mockery/zipball/9d2460275665f4506d359f4e2037705d07833173",
                "reference": "9d2460275665f4506d359f4e2037705d07833173",
                "shasum": ""
            },
            "require": {
                "lib-pcre": ">=7.0",
                "php": ">=5.3.2"
            },
            "require-dev": {
                "hamcrest/hamcrest": "1.1.0"
            },
            "type": "library",
            "autoload": {
                "psr-0": {
                    "Mockery": "library/"
                }
            },
            "notification-url": "https://packagist.org/downloads/",
            "license": [
                "BSD-3-Clause"
            ],
            "authors": [
                {
                    "name": "Pádraic Brady",
                    "email": "padraic.brady@gmail.com",
                    "homepage": "http://blog.astrumfutura.com"
                }
            ],
            "description": "Mockery is a simple yet flexible PHP mock object framework for use in unit testing with PHPUnit, PHPSpec or any other testing framework. Its core goal is to offer a test double framework with a succint API capable of clearly defining all possible object operations and interactions using a human readable Domain Specific Language (DSL). Designed as a drop in alternative to PHPUnit's phpunit-mock-objects library, Mockery is easy to integrate with PHPUnit and can operate alongside phpunit-mock-objects without the World ending.",
            "homepage": "http://github.com/padraic/mockery",
            "keywords": [
                "BDD",
                "TDD",
                "library",
                "mock",
                "mock objects",
                "mockery",
                "stub",
                "test",
                "test double",
                "testing"
            ],
            "time": "2013-08-16 09:45:12"
        }
    ],
    "aliases": [

    ],
    "minimum-stability": "dev",
    "stability-flags": {
        "mockery/mockery": 20
    },
    "platform": [

    ],
    "platform-dev": [

    ]
}
